
Microsoft Visual Studio Solution File, Format Version 12.00
# Visual Studio Version 17
VisualStudioVersion = 17.13.35931.197
MinimumVisualStudioVersion = 10.0.40219.1
Project("{FAE04EC0-301F-11D3-BF4B-00C04F79EFBC}") = "Customer.API", "Customer.API\Customer.API.csproj", "{829DA3B5-91A4-480F-8534-22C0970908B7}"
EndProject
Project("{FAE04EC0-301F-11D3-BF4B-00C04F79EFBC}") = "Customer.Application", "Customer.Application\Customer.Application.csproj", "{292CCA2B-C337-4F7B-BCC3-A761BE0BFE33}"
EndProject
Project("{FAE04EC0-301F-11D3-BF4B-00C04F79EFBC}") = "Customer.Domain", "Customer.Domain\Customer.Domain.csproj", "{33B51841-CBB3-4843-8A49-DDEF4182EBCE}"
EndProject
Project("{FAE04EC0-301F-11D3-BF4B-00C04F79EFBC}") = "Customer.Infrastructure", "Customer.Infrastructure\Customer.Infrastructure.csproj", "{CEFDB251-1756-4EF5-8935-1B6ED2ADD10A}"
EndProject
Project("{FAE04EC0-301F-11D3-BF4B-00C04F79EFBC}") = "Product.API", "Product.API\Product.API.csproj", "{3043E252-D062-406B-94E8-10AAB5D8B79A}"
EndProject
Project("{2150E333-8FDC-42A3-9474-1A3956D46DE8}") = "CustomerMicroservice", "CustomerMicroservice", "{02EA681E-C7D8-13C7-8484-4AC65E1B71E8}"
EndProject
Project("{2150E333-8FDC-42A3-9474-1A3956D46DE8}") = "ProductMicroservice", "ProductMicroservice", "{F2BC9556-90C9-496C-8F84-637647F5269C}"
EndProject
Project("{2150E333-8FDC-42A3-9474-1A3956D46DE8}") = "OrderMicroservice", "OrderMicroservice", "{18B4901A-F191-4D3F-A6BE-6F172102D430}"
EndProject
Project("{FAE04EC0-301F-11D3-BF4B-00C04F79EFBC}") = "Product.Application", "Product.Application\Product.Application.csproj", "{CF26D396-6EE3-4CE1-B4C8-529A1A6FB4D1}"
EndProject
Project("{FAE04EC0-301F-11D3-BF4B-00C04F79EFBC}") = "Product.Domain", "Product.Domain\Product.Domain.csproj", "{2B0F760E-CD7B-4BDF-9932-8F7E355180B8}"
EndProject
Project("{FAE04EC0-301F-11D3-BF4B-00C04F79EFBC}") = "Product.Infrastructure", "Product.Infrastructure\Product.Infrastructure.csproj", "{3BD6F65B-49D9-45F3-93A3-232BE7BEAB10}"
EndProject
Project("{FAE04EC0-301F-11D3-BF4B-00C04F79EFBC}") = "Order.API", "Order.API\Order.API.csproj", "{25957FA9-C1C5-4107-8BAA-5960735AD2A1}"
EndProject
Project("{FAE04EC0-301F-11D3-BF4B-00C04F79EFBC}") = "Order.Domain", "Order.Domain\Order.Domain.csproj", "{47271960-735F-4AB8-8DF0-31A9B8654295}"
EndProject
Project("{FAE04EC0-301F-11D3-BF4B-00C04F79EFBC}") = "Order.Infrastructure", "Order.Infrastructure\Order.Infrastructure.csproj", "{EB503A77-003F-4108-8D04-15F47A88A519}"
EndProject
Project("{FAE04EC0-301F-11D3-BF4B-00C04F79EFBC}") = "Order.Application", "Order.Application\Order.Application.csproj", "{13B82DE6-F945-4327-A28C-19D915F4848D}"
EndProject
Project("{2150E333-8FDC-42A3-9474-1A3956D46DE8}") = "ClienteWeb", "ClienteWeb", "{619163A0-92D1-426B-ACA8-2F74BAE38A92}"
EndProject
Project("{FAE04EC0-301F-11D3-BF4B-00C04F79EFBC}") = "ClientWeb", "ClientWeb\ClientWeb.csproj", "{3BDBA4CC-E3AE-4B50-A7B7-E73FF504B393}"
EndProject
Global
	GlobalSection(SolutionConfigurationPlatforms) = preSolution
		Debug|Any CPU = Debug|Any CPU
		Release|Any CPU = Release|Any CPU
	EndGlobalSection
	GlobalSection(ProjectConfigurationPlatforms) = postSolution
		{829DA3B5-91A4-480F-8534-22C0970908B7}.Debug|Any CPU.ActiveCfg = Debug|Any CPU
		{829DA3B5-91A4-480F-8534-22C0970908B7}.Debug|Any CPU.Build.0 = Debug|Any CPU
		{829DA3B5-91A4-480F-8534-22C0970908B7}.Release|Any CPU.ActiveCfg = Release|Any CPU
		{829DA3B5-91A4-480F-8534-22C0970908B7}.Release|Any CPU.Build.0 = Release|Any CPU
		{292CCA2B-C337-4F7B-BCC3-A761BE0BFE33}.Debug|Any CPU.ActiveCfg = Debug|Any CPU
		{292CCA2B-C337-4F7B-BCC3-A761BE0BFE33}.Debug|Any CPU.Build.0 = Debug|Any CPU
		{292CCA2B-C337-4F7B-BCC3-A761BE0BFE33}.Release|Any CPU.ActiveCfg = Release|Any CPU
		{292CCA2B-C337-4F7B-BCC3-A761BE0BFE33}.Release|Any CPU.Build.0 = Release|Any CPU
		{33B51841-CBB3-4843-8A49-DDEF4182EBCE}.Debug|Any CPU.ActiveCfg = Debug|Any CPU
		{33B51841-CBB3-4843-8A49-DDEF4182EBCE}.Debug|Any CPU.Build.0 = Debug|Any CPU
		{33B51841-CBB3-4843-8A49-DDEF4182EBCE}.Release|Any CPU.ActiveCfg = Release|Any CPU
		{33B51841-CBB3-4843-8A49-DDEF4182EBCE}.Release|Any CPU.Build.0 = Release|Any CPU
		{CEFDB251-1756-4EF5-8935-1B6ED2ADD10A}.Debug|Any CPU.ActiveCfg = Debug|Any CPU
		{CEFDB251-1756-4EF5-8935-1B6ED2ADD10A}.Debug|Any CPU.Build.0 = Debug|Any CPU
		{CEFDB251-1756-4EF5-8935-1B6ED2ADD10A}.Release|Any CPU.ActiveCfg = Release|Any CPU
		{CEFDB251-1756-4EF5-8935-1B6ED2ADD10A}.Release|Any CPU.Build.0 = Release|Any CPU
		{3043E252-D062-406B-94E8-10AAB5D8B79A}.Debug|Any CPU.ActiveCfg = Debug|Any CPU
		{3043E252-D062-406B-94E8-10AAB5D8B79A}.Debug|Any CPU.Build.0 = Debug|Any CPU
		{3043E252-D062-406B-94E8-10AAB5D8B79A}.Release|Any CPU.ActiveCfg = Release|Any CPU
		{3043E252-D062-406B-94E8-10AAB5D8B79A}.Release|Any CPU.Build.0 = Release|Any CPU
		{CF26D396-6EE3-4CE1-B4C8-529A1A6FB4D1}.Debug|Any CPU.ActiveCfg = Debug|Any CPU
		{CF26D396-6EE3-4CE1-B4C8-529A1A6FB4D1}.Debug|Any CPU.Build.0 = Debug|Any CPU
		{CF26D396-6EE3-4CE1-B4C8-529A1A6FB4D1}.Release|Any CPU.ActiveCfg = Release|Any CPU
		{CF26D396-6EE3-4CE1-B4C8-529A1A6FB4D1}.Release|Any CPU.Build.0 = Release|Any CPU
		{2B0F760E-CD7B-4BDF-9932-8F7E355180B8}.Debug|Any CPU.ActiveCfg = Debug|Any CPU
		{2B0F760E-CD7B-4BDF-9932-8F7E355180B8}.Debug|Any CPU.Build.0 = Debug|Any CPU
		{2B0F760E-CD7B-4BDF-9932-8F7E355180B8}.Release|Any CPU.ActiveCfg = Release|Any CPU
		{2B0F760E-CD7B-4BDF-9932-8F7E355180B8}.Release|Any CPU.Build.0 = Release|Any CPU
		{3BD6F65B-49D9-45F3-93A3-232BE7BEAB10}.Debug|Any CPU.ActiveCfg = Debug|Any CPU
		{3BD6F65B-49D9-45F3-93A3-232BE7BEAB10}.Debug|Any CPU.Build.0 = Debug|Any CPU
		{3BD6F65B-49D9-45F3-93A3-232BE7BEAB10}.Release|Any CPU.ActiveCfg = Release|Any CPU
		{3BD6F65B-49D9-45F3-93A3-232BE7BEAB10}.Release|Any CPU.Build.0 = Release|Any CPU
		{25957FA9-C1C5-4107-8BAA-5960735AD2A1}.Debug|Any CPU.ActiveCfg = Debug|Any CPU
		{25957FA9-C1C5-4107-8BAA-5960735AD2A1}.Debug|Any CPU.Build.0 = Debug|Any CPU
		{25957FA9-C1C5-4107-8BAA-5960735AD2A1}.Release|Any CPU.ActiveCfg = Release|Any CPU
		{25957FA9-C1C5-4107-8BAA-5960735AD2A1}.Release|Any CPU.Build.0 = Release|Any CPU
		{47271960-735F-4AB8-8DF0-31A9B8654295}.Debug|Any CPU.ActiveCfg = Debug|Any CPU
		{47271960-735F-4AB8-8DF0-31A9B8654295}.Debug|Any CPU.Build.0 = Debug|Any CPU
		{47271960-735F-4AB8-8DF0-31A9B8654295}.Release|Any CPU.ActiveCfg = Release|Any CPU
		{47271960-735F-4AB8-8DF0-31A9B8654295}.Release|Any CPU.Build.0 = Release|Any CPU
		{EB503A77-003F-4108-8D04-15F47A88A519}.Debug|Any CPU.ActiveCfg = Debug|Any CPU
		{EB503A77-003F-4108-8D04-15F47A88A519}.Debug|Any CPU.Build.0 = Debug|Any CPU
		{EB503A77-003F-4108-8D04-15F47A88A519}.Release|Any CPU.ActiveCfg = Release|Any CPU
		{EB503A77-003F-4108-8D04-15F47A88A519}.Release|Any CPU.Build.0 = Release|Any CPU
		{13B82DE6-F945-4327-A28C-19D915F4848D}.Debug|Any CPU.ActiveCfg = Debug|Any CPU
		{13B82DE6-F945-4327-A28C-19D915F4848D}.Debug|Any CPU.Build.0 = Debug|Any CPU
		{13B82DE6-F945-4327-A28C-19D915F4848D}.Release|Any CPU.ActiveCfg = Release|Any CPU
		{13B82DE6-F945-4327-A28C-19D915F4848D}.Release|Any CPU.Build.0 = Release|Any CPU
		{3BDBA4CC-E3AE-4B50-A7B7-E73FF504B393}.Debug|Any CPU.ActiveCfg = Debug|Any CPU
		{3BDBA4CC-E3AE-4B50-A7B7-E73FF504B393}.Debug|Any CPU.Build.0 = Debug|Any CPU
		{3BDBA4CC-E3AE-4B50-A7B7-E73FF504B393}.Release|Any CPU.ActiveCfg = Release|Any CPU
		{3BDBA4CC-E3AE-4B50-A7B7-E73FF504B393}.Release|Any CPU.Build.0 = Release|Any CPU
	EndGlobalSection
	GlobalSection(SolutionProperties) = preSolution
		HideSolutionNode = FALSE
	EndGlobalSection
	GlobalSection(NestedProjects) = preSolution
		{829DA3B5-91A4-480F-8534-22C0970908B7} = {02EA681E-C7D8-13C7-8484-4AC65E1B71E8}
		{292CCA2B-C337-4F7B-BCC3-A761BE0BFE33} = {02EA681E-C7D8-13C7-8484-4AC65E1B71E8}
		{33B51841-CBB3-4843-8A49-DDEF4182EBCE} = {02EA681E-C7D8-13C7-8484-4AC65E1B71E8}
		{CEFDB251-1756-4EF5-8935-1B6ED2ADD10A} = {02EA681E-C7D8-13C7-8484-4AC65E1B71E8}
		{3043E252-D062-406B-94E8-10AAB5D8B79A} = {F2BC9556-90C9-496C-8F84-637647F5269C}
		{CF26D396-6EE3-4CE1-B4C8-529A1A6FB4D1} = {F2BC9556-90C9-496C-8F84-637647F5269C}
		{2B0F760E-CD7B-4BDF-9932-8F7E355180B8} = {F2BC9556-90C9-496C-8F84-637647F5269C}
		{3BD6F65B-49D9-45F3-93A3-232BE7BEAB10} = {F2BC9556-90C9-496C-8F84-637647F5269C}
		{25957FA9-C1C5-4107-8BAA-5960735AD2A1} = {18B4901A-F191-4D3F-A6BE-6F172102D430}
		{47271960-735F-4AB8-8DF0-31A9B8654295} = {18B4901A-F191-4D3F-A6BE-6F172102D430}
		{EB503A77-003F-4108-8D04-15F47A88A519} = {18B4901A-F191-4D3F-A6BE-6F172102D430}
		{13B82DE6-F945-4327-A28C-19D915F4848D} = {18B4901A-F191-4D3F-A6BE-6F172102D430}
		{3BDBA4CC-E3AE-4B50-A7B7-E73FF504B393} = {619163A0-92D1-426B-ACA8-2F74BAE38A92}
	EndGlobalSection
	GlobalSection(ExtensibilityGlobals) = postSolution
		SolutionGuid = {61D71DBD-4E13-42ED-AA34-391AF825556F}
	EndGlobalSection
EndGlobal
